
Microsoft Visual Studio Solution File, Format Version 12.00
# Visual Studio Version 16
VisualStudioVersion = 16.0.31424.327
MinimumVisualStudioVersion = 10.0.40219.1
Project("{FAE04EC0-301F-11D3-BF4B-00C04F79EFBC}") = "AWSCognitoDemo", "AWSCognitoDemo\AWSCognitoDemo.csproj", "{7460F70B-82B4-4D26-9B76-BA4774B4ABBD}"
EndProject
Global
	GlobalSection(SolutionConfigurationPlatforms) = preSolution
		Debug|Any CPU = Debug|Any CPU
		Release|Any CPU = Release|Any CPU
	EndGlobalSection
	GlobalSection(ProjectConfigurationPlatforms) = postSolution
		{7460F70B-82B4-4D26-9B76-BA4774B4ABBD}.Debug|Any CPU.ActiveCfg = Debug|Any CPU
		{7460F70B-82B4-4D26-9B76-BA4774B4ABBD}.Debug|Any CPU.Build.0 = Debug|Any CPU
		{7460F70B-82B4-4D26-9B76-BA4774B4ABBD}.Release|Any CPU.ActiveCfg = Release|Any CPU
		{7460F70B-82B4-4D26-9B76-BA4774B4ABBD}.Release|Any CPU.Build.0 = Release|Any CPU
	EndGlobalSection
	GlobalSection(SolutionProperties) = preSolution
		HideSolutionNode = FALSE
	EndGlobalSection
	GlobalSection(ExtensibilityGlobals) = postSolution
		SolutionGuid = {1F682B75-F319-4101-99EA-5195218C5D00}
	EndGlobalSection
EndGlobal
